
Microsoft Visual Studio Solution File, Format Version 12.00
# Visual Studio Version 16
VisualStudioVersion = 16.0.29509.3
MinimumVisualStudioVersion = 10.0.40219.1
Project("{9A19103F-16F7-4668-BE54-9A1E7A4F7556}") = "nixi-clock", "nixi-clock\nixi-clock.csproj", "{476B81C9-D54D-45EB-AD99-A1A859A3ABE0}"
EndProject
Global
	GlobalSection(SolutionConfigurationPlatforms) = preSolution
		Debug|Any CPU = Debug|Any CPU
		Debug|ARM = Debug|ARM
		Debug|ARM64 = Debug|ARM64
		Debug|x64 = Debug|x64
		Debug|x86 = Debug|x86
		Linux-Debug|Any CPU = Linux-Debug|Any CPU
		Linux-Debug|ARM = Linux-Debug|ARM
		Linux-Debug|ARM64 = Linux-Debug|ARM64
		Linux-Debug|x64 = Linux-Debug|x64
		Linux-Debug|x86 = Linux-Debug|x86
		Linux-Release|Any CPU = Linux-Release|Any CPU
		Linux-Release|ARM = Linux-Release|ARM
		Linux-Release|ARM64 = Linux-Release|ARM64
		Linux-Release|x64 = Linux-Release|x64
		Linux-Release|x86 = Linux-Release|x86
		Release|Any CPU = Release|Any CPU
		Release|ARM = Release|ARM
		Release|ARM64 = Release|ARM64
		Release|x64 = Release|x64
		Release|x86 = Release|x86
		Windows-Debug|Any CPU = Windows-Debug|Any CPU
		Windows-Debug|ARM = Windows-Debug|ARM
		Windows-Debug|ARM64 = Windows-Debug|ARM64
		Windows-Debug|x64 = Windows-Debug|x64
		Windows-Debug|x86 = Windows-Debug|x86
		Windows-Release|Any CPU = Windows-Release|Any CPU
		Windows-Release|ARM = Windows-Release|ARM
		Windows-Release|ARM64 = Windows-Release|ARM64
		Windows-Release|x64 = Windows-Release|x64
		Windows-Release|x86 = Windows-Release|x86
	EndGlobalSection
	GlobalSection(ProjectConfigurationPlatforms) = postSolution
		{476B81C9-D54D-45EB-AD99-A1A859A3ABE0}.Debug|Any CPU.ActiveCfg = Debug|Any CPU
		{476B81C9-D54D-45EB-AD99-A1A859A3ABE0}.Debug|Any CPU.Build.0 = Debug|Any CPU
		{476B81C9-D54D-45EB-AD99-A1A859A3ABE0}.Debug|ARM.ActiveCfg = Debug|Any CPU
		{476B81C9-D54D-45EB-AD99-A1A859A3ABE0}.Debug|ARM.Build.0 = Debug|Any CPU
		{476B81C9-D54D-45EB-AD99-A1A859A3ABE0}.Debug|ARM64.ActiveCfg = Debug|Any CPU
		{476B81C9-D54D-45EB-AD99-A1A859A3ABE0}.Debug|ARM64.Build.0 = Debug|Any CPU
		{476B81C9-D54D-45EB-AD99-A1A859A3ABE0}.Debug|x64.ActiveCfg = Debug|Any CPU
		{476B81C9-D54D-45EB-AD99-A1A859A3ABE0}.Debug|x64.Build.0 = Debug|Any CPU
		{476B81C9-D54D-45EB-AD99-A1A859A3ABE0}.Debug|x86.ActiveCfg = Debug|Any CPU
		{476B81C9-D54D-45EB-AD99-A1A859A3ABE0}.Debug|x86.Build.0 = Debug|Any CPU
		{476B81C9-D54D-45EB-AD99-A1A859A3ABE0}.Linux-Debug|Any CPU.ActiveCfg = Debug|Any CPU
		{476B81C9-D54D-45EB-AD99-A1A859A3ABE0}.Linux-Debug|Any CPU.Build.0 = Debug|Any CPU
		{476B81C9-D54D-45EB-AD99-A1A859A3ABE0}.Linux-Debug|ARM.ActiveCfg = Debug|Any CPU
		{476B81C9-D54D-45EB-AD99-A1A859A3ABE0}.Linux-Debug|ARM.Build.0 = Debug|Any CPU
		{476B81C9-D54D-45EB-AD99-A1A859A3ABE0}.Linux-Debug|ARM64.ActiveCfg = Debug|Any CPU
		{476B81C9-D54D-45EB-AD99-A1A859A3ABE0}.Linux-Debug|ARM64.Build.0 = Debug|Any CPU
		{476B81C9-D54D-45EB-AD99-A1A859A3ABE0}.Linux-Debug|x64.ActiveCfg = Debug|Any CPU
		{476B81C9-D54D-45EB-AD99-A1A859A3ABE0}.Linux-Debug|x64.Build.0 = Debug|Any CPU
		{476B81C9-D54D-45EB-AD99-A1A859A3ABE0}.Linux-Debug|x86.ActiveCfg = Debug|Any CPU
		{476B81C9-D54D-45EB-AD99-A1A859A3ABE0}.Linux-Debug|x86.Build.0 = Debug|Any CPU
		{476B81C9-D54D-45EB-AD99-A1A859A3ABE0}.Linux-Release|Any CPU.ActiveCfg = Release|Any CPU
		{476B81C9-D54D-45EB-AD99-A1A859A3ABE0}.Linux-Release|Any CPU.Build.0 = Release|Any CPU
		{476B81C9-D54D-45EB-AD99-A1A859A3ABE0}.Linux-Release|ARM.ActiveCfg = Release|Any CPU
		{476B81C9-D54D-45EB-AD99-A1A859A3ABE0}.Linux-Release|ARM.Build.0 = Release|Any CPU
		{476B81C9-D54D-45EB-AD99-A1A859A3ABE0}.Linux-Release|ARM64.ActiveCfg = Release|Any CPU
		{476B81C9-D54D-45EB-AD99-A1A859A3ABE0}.Linux-Release|ARM64.Build.0 = Release|Any CPU
		{476B81C9-D54D-45EB-AD99-A1A859A3ABE0}.Linux-Release|x64.ActiveCfg = Release|Any CPU
		{476B81C9-D54D-45EB-AD99-A1A859A3ABE0}.Linux-Release|x64.Build.0 = Release|Any CPU
		{476B81C9-D54D-45EB-AD99-A1A859A3ABE0}.Linux-Release|x86.ActiveCfg = Release|Any CPU
		{476B81C9-D54D-45EB-AD99-A1A859A3ABE0}.Linux-Release|x86.Build.0 = Release|Any CPU
		{476B81C9-D54D-45EB-AD99-A1A859A3ABE0}.Release|Any CPU.ActiveCfg = Release|Any CPU
		{476B81C9-D54D-45EB-AD99-A1A859A3ABE0}.Release|Any CPU.Build.0 = Release|Any CPU
		{476B81C9-D54D-45EB-AD99-A1A859A3ABE0}.Release|ARM.ActiveCfg = Release|Any CPU
		{476B81C9-D54D-45EB-AD99-A1A859A3ABE0}.Release|ARM.Build.0 = Release|Any CPU
		{476B81C9-D54D-45EB-AD99-A1A859A3ABE0}.Release|ARM64.ActiveCfg = Release|Any CPU
		{476B81C9-D54D-45EB-AD99-A1A859A3ABE0}.Release|ARM64.Build.0 = Release|Any CPU
		{476B81C9-D54D-45EB-AD99-A1A859A3ABE0}.Release|x64.ActiveCfg = Release|Any CPU
		{476B81C9-D54D-45EB-AD99-A1A859A3ABE0}.Release|x64.Build.0 = Release|Any CPU
		{476B81C9-D54D-45EB-AD99-A1A859A3ABE0}.Release|x86.ActiveCfg = Release|Any CPU
		{476B81C9-D54D-45EB-AD99-A1A859A3ABE0}.Release|x86.Build.0 = Release|Any CPU
		{476B81C9-D54D-45EB-AD99-A1A859A3ABE0}.Windows-Debug|Any CPU.ActiveCfg = Debug|Any CPU
		{476B81C9-D54D-45EB-AD99-A1A859A3ABE0}.Windows-Debug|Any CPU.Build.0 = Debug|Any CPU
		{476B81C9-D54D-45EB-AD99-A1A859A3ABE0}.Windows-Debug|ARM.ActiveCfg = Debug|Any CPU
		{476B81C9-D54D-45EB-AD99-A1A859A3ABE0}.Windows-Debug|ARM.Build.0 = Debug|Any CPU
		{476B81C9-D54D-45EB-AD99-A1A859A3ABE0}.Windows-Debug|ARM64.ActiveCfg = Debug|Any CPU
		{476B81C9-D54D-45EB-AD99-A1A859A3ABE0}.Windows-Debug|ARM64.Build.0 = Debug|Any CPU
		{476B81C9-D54D-45EB-AD99-A1A859A3ABE0}.Windows-Debug|x64.ActiveCfg = Debug|Any CPU
		{476B81C9-D54D-45EB-AD99-A1A859A3ABE0}.Windows-Debug|x64.Build.0 = Debug|Any CPU
		{476B81C9-D54D-45EB-AD99-A1A859A3ABE0}.Windows-Debug|x86.ActiveCfg = Debug|Any CPU
		{476B81C9-D54D-45EB-AD99-A1A859A3ABE0}.Windows-Debug|x86.Build.0 = Debug|Any CPU
		{476B81C9-D54D-45EB-AD99-A1A859A3ABE0}.Windows-Release|Any CPU.ActiveCfg = Release|Any CPU
		{476B81C9-D54D-45EB-AD99-A1A859A3ABE0}.Windows-Release|Any CPU.Build.0 = Release|Any CPU
		{476B81C9-D54D-45EB-AD99-A1A859A3ABE0}.Windows-Release|ARM.ActiveCfg = Release|Any CPU
		{476B81C9-D54D-45EB-AD99-A1A859A3ABE0}.Windows-Release|ARM.Build.0 = Release|Any CPU
		{476B81C9-D54D-45EB-AD99-A1A859A3ABE0}.Windows-Release|ARM64.ActiveCfg = Release|Any CPU
		{476B81C9-D54D-45EB-AD99-A1A859A3ABE0}.Windows-Release|ARM64.Build.0 = Release|Any CPU
		{476B81C9-D54D-45EB-AD99-A1A859A3ABE0}.Windows-Release|x64.ActiveCfg = Release|Any CPU
		{476B81C9-D54D-45EB-AD99-A1A859A3ABE0}.Windows-Release|x64.Build.0 = Release|Any CPU
		{476B81C9-D54D-45EB-AD99-A1A859A3ABE0}.Windows-Release|x86.ActiveCfg = Release|Any CPU
		{476B81C9-D54D-45EB-AD99-A1A859A3ABE0}.Windows-Release|x86.Build.0 = Release|Any CPU
	EndGlobalSection
	GlobalSection(SolutionProperties) = preSolution
		HideSolutionNode = FALSE
	EndGlobalSection
	GlobalSection(ExtensibilityGlobals) = postSolution
		SolutionGuid = {49333B13-7D39-417E-AFA3-B930A7BD254C}
	EndGlobalSection
EndGlobal
